
Microsoft Visual Studio Solution File, Format Version 12.00
# Visual Studio 2013
VisualStudioVersion = 12.0.31101.0
MinimumVisualStudioVersion = 10.0.40219.1
Project("{FAE04EC0-301F-11D3-BF4B-00C04F79EFBC}") = "BDDMarcDemo", "BDDMarcDemo\BDDMarcDemo.csproj", "{A1202D73-A5C1-49AF-9C44-260504B3FB7A}"
EndProject
Project("{FAE04EC0-301F-11D3-BF4B-00C04F79EFBC}") = "UnitTestProject1", "UnitTestProject1\UnitTestProject1.csproj", "{AC945C99-556F-4C76-A4CE-2F6318B5D936}"
EndProject
Project("{2150E333-8FDC-42A3-9474-1A3956D46DE8}") = ".nuget", ".nuget", "{72FD9E10-3AD3-4124-A9C8-52F398B94333}"
	ProjectSection(SolutionItems) = preProject
		.nuget\packages.config = .nuget\packages.config
	EndProjectSection
EndProject
Global
	GlobalSection(SolutionConfigurationPlatforms) = preSolution
		Debug|Any CPU = Debug|Any CPU
		Release|Any CPU = Release|Any CPU
	EndGlobalSection
	GlobalSection(ProjectConfigurationPlatforms) = postSolution
		{A1202D73-A5C1-49AF-9C44-260504B3FB7A}.Debug|Any CPU.ActiveCfg = Debug|Any CPU
		{A1202D73-A5C1-49AF-9C44-260504B3FB7A}.Debug|Any CPU.Build.0 = Debug|Any CPU
		{A1202D73-A5C1-49AF-9C44-260504B3FB7A}.Release|Any CPU.ActiveCfg = Release|Any CPU
		{A1202D73-A5C1-49AF-9C44-260504B3FB7A}.Release|Any CPU.Build.0 = Release|Any CPU
		{AC945C99-556F-4C76-A4CE-2F6318B5D936}.Debug|Any CPU.ActiveCfg = Debug|Any CPU
		{AC945C99-556F-4C76-A4CE-2F6318B5D936}.Debug|Any CPU.Build.0 = Debug|Any CPU
		{AC945C99-556F-4C76-A4CE-2F6318B5D936}.Release|Any CPU.ActiveCfg = Release|Any CPU
		{AC945C99-556F-4C76-A4CE-2F6318B5D936}.Release|Any CPU.Build.0 = Release|Any CPU
	EndGlobalSection
	GlobalSection(SolutionProperties) = preSolution
		HideSolutionNode = FALSE
	EndGlobalSection
EndGlobal
